<?xml version="1.0" encoding="utf-8"?>
<Project ToolsVersion="4.0" xmlns="http://schemas.microsoft.com/developer/msbuild/2003">
  <ItemGroup>
    <Filter Include="Source Files">
      <UniqueIdentifier>{4FC737F1-C7A5-4376-A066-2A32D752A2FF}</UniqueIdentifier>
      <Extensions>cpp;c;cc;cxx;c++;cppm;ixx;def;odl;idl;hpj;bat;asm;asmx</Extensions>
    </Filter>
    <Filter Include="Header Files">
      <UniqueIdentifier>{93995380-89BD-4b04-88EB-625FBE52EBFB}</UniqueIdentifier>
      <Extensions>h;hh;hpp;hxx;h++;hm;inl;inc;ipp;xsd</Extensions>
    </Filter>
    <Filter Include="Resource Files">
      <UniqueIdentifier>{67DA6AB6-F800-4c08-8B7A-83BB121AAD01}</UniqueIdentifier>
      <Extensions>rc;ico;cur;bmp;dlg;rc2;rct;bin;rgs;gif;jpg;jpeg;jpe;resx;tiff;tif;png;wav;mfcribbon-ms</Extensions>
    </Filter>
    <Filter Include="Header Files\handlers">
      <UniqueIdentifier>{914ee4dd-9852-42f4-a12c-4838f91fc58c}</UniqueIdentifier>
    </Filter>
    <Filter Include="Source Files\handlers">
      <UniqueIdentifier>{20291091-3f7d-4ffc-9fd5-fcea484459a6}</UniqueIdentifier>
    </Filter>
    <Filter Include="Source Files\commands">
      <UniqueIdentifier>{faf01c17-7b06-431c-aa70-900087a885fd}</UniqueIdentifier>
    </Filter>
    <Filter Include="Header Files\commands">
      <UniqueIdentifier>{9a8561ee-7c80-47cb-ad77-907d9d5efee5}</UniqueIdentifier>
    </Filter>
    <Filter Include="Header Files\helpers">
      <UniqueIdentifier>{9877f24d-4f26-4a46-b838-159947db0b29}</UniqueIdentifier>
    </Filter>
    <Filter Include="Source Files\helpers">
      <UniqueIdentifier>{81de2560-fb83-48dd-84d9-2f9076312c02}</UniqueIdentifier>
    </Filter>
    <Filter Include="Source Files\features">
      <UniqueIdentifier>{6d665f88-285e-4612-aa12-eca08a07c9d2}</UniqueIdentifier>
    </Filter>
    <Filter Include="Source Files\features\logging">
      <UniqueIdentifier>{6aa0b586-fa48-4ded-a7b2-181c23fdb966}</UniqueIdentifier>
    </Filter>
    <Filter Include="Header Files\features">
      <UniqueIdentifier>{68813941-18b8-43a1-8ce0-220fbb092ae5}</UniqueIdentifier>
    </Filter>
    <Filter Include="Header Files\features\logging">
      <UniqueIdentifier>{9a0b397d-b7a2-4b2c-b79d-9263d5499918}</UniqueIdentifier>
    </Filter>
  </ItemGroup>
  <ItemGroup>
    <ClCompile Include="Yoka.cpp">
      <Filter>Source Files</Filter>
    </ClCompile>
    <ClCompile Include="YokaPrecompiled.cpp">
      <Filter>Source Files</Filter>
    </ClCompile>
    <ClCompile Include="handlers\commands.cpp">
      <Filter>Source Files\handlers</Filter>
    </ClCompile>
    <ClCompile Include="commands\ping.cpp">
      <Filter>Source Files\commands</Filter>
    </ClCompile>
    <ClCompile Include="commands\stats.cpp">
      <Filter>Source Files\commands</Filter>
    </ClCompile>
    <ClCompile Include="commands\coffe.cpp">
      <Filter>Source Files\commands</Filter>
    </ClCompile>
    <ClCompile Include="helpers\json.cpp">
      <Filter>Source Files\helpers</Filter>
    </ClCompile>
    <ClCompile Include="helpers\msg.cpp">
      <Filter>Source Files\helpers</Filter>
    </ClCompile>
    <ClCompile Include="commands\voice.cpp">
      <Filter>Source Files\commands</Filter>
    </ClCompile>
    <ClCompile Include="commands\play.cpp">
      <Filter>Source Files\commands</Filter>
    </ClCompile>
    <ClCompile Include="commands\config.cpp">
      <Filter>Source Files\commands</Filter>
    </ClCompile>
    <ClCompile Include="handlers\messages.cpp">
      <Filter>Source Files\handlers</Filter>
    </ClCompile>
    <ClCompile Include="features\logging\msgs.cpp">
      <Filter>Source Files\features\logging</Filter>
    </ClCompile>
  </ItemGroup>
  <ItemGroup>
    <ClInclude Include="includes.h">
      <Filter>Header Files</Filter>
    </ClInclude>
    <ClInclude Include="handlers\commands.h">
      <Filter>Header Files\handlers</Filter>
    </ClInclude>
    <ClInclude Include="commands\ping.h">
      <Filter>Header Files\commands</Filter>
    </ClInclude>
    <ClInclude Include="commands\stats.h">
      <Filter>Header Files\commands</Filter>
    </ClInclude>
    <ClInclude Include="commands\coffe.h">
      <Filter>Header Files\commands</Filter>
    </ClInclude>
    <ClInclude Include="helpers\json.h">
      <Filter>Header Files\helpers</Filter>
    </ClInclude>
    <ClInclude Include="helpers\msg.h">
      <Filter>Header Files\helpers</Filter>
    </ClInclude>
    <ClInclude Include="commands\voice.h">
      <Filter>Header Files\commands</Filter>
    </ClInclude>
    <ClInclude Include="commands\play.h">
      <Filter>Header Files\commands</Filter>
    </ClInclude>
    <ClInclude Include="commands\config.h">
      <Filter>Header Files\commands</Filter>
    </ClInclude>
    <ClInclude Include="handlers\messages.h">
      <Filter>Header Files\handlers</Filter>
    </ClInclude>
    <ClInclude Include="features\logging\msgs.h">
      <Filter>Header Files\features\logging</Filter>
    </ClInclude>
  </ItemGroup>
</Project>