
Microsoft Visual Studio Solution File, Format Version 12.00
# Visual Studio Version 16
VisualStudioVersion = 16.0.33027.164
MinimumVisualStudioVersion = 10.0.40219.1
Project("{8BC9CEB8-8B4A-11D0-8D11-00A0C91BC942}") = "Yoka", "Yoka.vcxproj", "{190BB213-3ED1-42FF-90FE-13B8C7F80455}"
EndProject
Global
	GlobalSection(SolutionConfigurationPlatforms) = preSolution
		Debug|x64 = Debug|x64
		Debug|x86 = Debug|x86
		Release|x64 = Release|x64
		Release|x86 = Release|x86
	EndGlobalSection
	GlobalSection(ProjectConfigurationPlatforms) = postSolution
		{190BB213-3ED1-42FF-90FE-13B8C7F80455}.Debug|x64.ActiveCfg = Debug|x64
		{190BB213-3ED1-42FF-90FE-13B8C7F80455}.Debug|x64.Build.0 = Debug|x64
		{190BB213-3ED1-42FF-90FE-13B8C7F80455}.Debug|x86.ActiveCfg = Debug|Win32
		{190BB213-3ED1-42FF-90FE-13B8C7F80455}.Debug|x86.Build.0 = Debug|Win32
		{190BB213-3ED1-42FF-90FE-13B8C7F80455}.Release|x64.ActiveCfg = Release|x64
		{190BB213-3ED1-42FF-90FE-13B8C7F80455}.Release|x64.Build.0 = Release|x64
		{190BB213-3ED1-42FF-90FE-13B8C7F80455}.Release|x86.ActiveCfg = Release|Win32
		{190BB213-3ED1-42FF-90FE-13B8C7F80455}.Release|x86.Build.0 = Release|Win32
	EndGlobalSection
	GlobalSection(SolutionProperties) = preSolution
		HideSolutionNode = FALSE
	EndGlobalSection
	GlobalSection(ExtensibilityGlobals) = postSolution
		SolutionGuid = {3ACDF776-C822-4CA5-BD1C-F35C0DF3189C}
	EndGlobalSection
EndGlobal
